// !$*UTF8*$!
{
	archiveVersion = 1;
	classes = {
	};
	objectVersion = 46;
	objects = {

/* Begin PBXBuildFile section */
		B81ED0A71C79908900A53A96 /* ParseFacebookUtils.framework in Frameworks */ = {isa = PBXBuildFile; fileRef = B81ED0A61C79908900A53A96 /* ParseFacebookUtils.framework */; };
		B81ED0A91C79923D00A53A96 /* FBSDKLoginKit.framework in Frameworks */ = {isa = PBXBuildFile; fileRef = B81ED0A81C79923D00A53A96 /* FBSDKLoginKit.framework */; };
		B81ED0AF1C79A3D700A53A96 /* Comms.m in Sources */ = {isa = PBXBuildFile; fileRef = B81ED0AE1C79A3D700A53A96 /* Comms.m */; };
		B82C7BCA1C941F36004F79BE /* MainStoryboard.storyboard in Resources */ = {isa = PBXBuildFile; fileRef = B82C7BC81C941F36004F79BE /* MainStoryboard.storyboard */; };
		B84A907E1C705FC500D214F1 /* main.m in Sources */ = {isa = PBXBuildFile; fileRef = B84A907D1C705FC500D214F1 /* main.m */; };
		B84A90871C705FC500D214F1 /* Main.storyboard in Resources */ = {isa = PBXBuildFile; fileRef = B84A90851C705FC500D214F1 /* Main.storyboard */; };
		B84A90891C705FC500D214F1 /* Assets.xcassets in Resources */ = {isa = PBXBuildFile; fileRef = B84A90881C705FC500D214F1 /* Assets.xcassets */; };
		B84A908C1C705FC500D214F1 /* LaunchScreen.storyboard in Resources */ = {isa = PBXBuildFile; fileRef = B84A908A1C705FC500D214F1 /* LaunchScreen.storyboard */; };
		B85360F31C82DCA600CD0276 /* ParseUI.framework in Frameworks */ = {isa = PBXBuildFile; fileRef = B85360F11C82DCA600CD0276 /* ParseUI.framework */; };
		B86BAFF91C88095D001CB94A /* AppDelegate.m in Sources */ = {isa = PBXBuildFile; fileRef = B86BAFCA1C88095D001CB94A /* AppDelegate.m */; };
		B86BAFFA1C88095D001CB94A /* FM_BaseViewController.m in Sources */ = {isa = PBXBuildFile; fileRef = B86BAFCD1C88095D001CB94A /* FM_BaseViewController.m */; };
		B86BAFFB1C88095D001CB94A /* HomeViewController.m in Sources */ = {isa = PBXBuildFile; fileRef = B86BAFD01C88095D001CB94A /* HomeViewController.m */; };
		B86BAFFC1C88095D001CB94A /* ViewController.m in Sources */ = {isa = PBXBuildFile; fileRef = B86BAFD31C88095D001CB94A /* ViewController.m */; };
		B86BAFFD1C88095D001CB94A /* MakeMySaladViewController.m in Sources */ = {isa = PBXBuildFile; fileRef = B86BAFD61C88095D001CB94A /* MakeMySaladViewController.m */; };
		B86BAFFE1C88095D001CB94A /* ConfirmSalad.m in Sources */ = {isa = PBXBuildFile; fileRef = B86BAFD91C88095D001CB94A /* ConfirmSalad.m */; };
		B86BAFFF1C88095D001CB94A /* ConfirmSalad.xib in Resources */ = {isa = PBXBuildFile; fileRef = B86BAFDA1C88095D001CB94A /* ConfirmSalad.xib */; };
		B86BB0001C88095D001CB94A /* OrderViewController.m in Sources */ = {isa = PBXBuildFile; fileRef = B86BAFDD1C88095D001CB94A /* OrderViewController.m */; };
		B86BB0011C88095D001CB94A /* SignupViewController.m in Sources */ = {isa = PBXBuildFile; fileRef = B86BAFE01C88095D001CB94A /* SignupViewController.m */; };
		B86BB0021C88095D001CB94A /* FM_Color.m in Sources */ = {isa = PBXBuildFile; fileRef = B86BAFE41C88095D001CB94A /* FM_Color.m */; };
		B86BB0031C88095D001CB94A /* FM_Font.m in Sources */ = {isa = PBXBuildFile; fileRef = B86BAFE61C88095D001CB94A /* FM_Font.m */; };
		B86BB0041C88095D001CB94A /* FM_Salad.m in Sources */ = {isa = PBXBuildFile; fileRef = B86BAFE91C88095D001CB94A /* FM_Salad.m */; };
		B86BB0051C88095D001CB94A /* FM_SaladManager.m in Sources */ = {isa = PBXBuildFile; fileRef = B86BAFEB1C88095D001CB94A /* FM_SaladManager.m */; };
		B86BB0061C88095D001CB94A /* FM_SaladStack.m in Sources */ = {isa = PBXBuildFile; fileRef = B86BAFED1C88095D001CB94A /* FM_SaladStack.m */; };
		B86BB0071C88095D001CB94A /* FM_SaladStackView.m in Sources */ = {isa = PBXBuildFile; fileRef = B86BAFF11C88095D001CB94A /* FM_SaladStackView.m */; };
		B86BB0081C88095D001CB94A /* SaladTableViewCell.m in Sources */ = {isa = PBXBuildFile; fileRef = B86BAFF41C88095D001CB94A /* SaladTableViewCell.m */; };
		B86BB0091C88095D001CB94A /* SaladTableViewCell.xib in Resources */ = {isa = PBXBuildFile; fileRef = B86BAFF51C88095D001CB94A /* SaladTableViewCell.xib */; };
		B86BB00A1C88095D001CB94A /* FM_ScrollView.m in Sources */ = {isa = PBXBuildFile; fileRef = B86BAFF81C88095D001CB94A /* FM_ScrollView.m */; };
		B86BB00E1C881672001CB94A /* FM_PopUP.m in Sources */ = {isa = PBXBuildFile; fileRef = B86BB00D1C881672001CB94A /* FM_PopUP.m */; };
		B86BB01B1C882A05001CB94A /* menu.png in Resources */ = {isa = PBXBuildFile; fileRef = B86BB0191C882A05001CB94A /* menu.png */; };
		B86BB01C1C882A05001CB94A /* menu@2x.png in Resources */ = {isa = PBXBuildFile; fileRef = B86BB01A1C882A05001CB94A /* menu@2x.png */; };
		B86BB01E1C884769001CB94A /* foodmazlogo.png in Resources */ = {isa = PBXBuildFile; fileRef = B86BB01D1C884769001CB94A /* foodmazlogo.png */; };
		B86BB0211C884D77001CB94A /* back.png in Resources */ = {isa = PBXBuildFile; fileRef = B86BB01F1C884D77001CB94A /* back.png */; };
		B86BB0221C884D77001CB94A /* x.png in Resources */ = {isa = PBXBuildFile; fileRef = B86BB0201C884D77001CB94A /* x.png */; };
		B88AD8421C9922F500AFC006 /* Parse.framework in Frameworks */ = {isa = PBXBuildFile; fileRef = 366E808B1C8618E200CD7A0E /* Parse.framework */; };
		B892B6851C7980D00023FEF1 /* QuartzCore.framework in Frameworks */ = {isa = PBXBuildFile; fileRef = B892B6841C7980D00023FEF1 /* QuartzCore.framework */; };
		B892B6871C7980D70023FEF1 /* Security.framework in Frameworks */ = {isa = PBXBuildFile; fileRef = B892B6861C7980D70023FEF1 /* Security.framework */; };
		B892B6891C7980E00023FEF1 /* Social.framework in Frameworks */ = {isa = PBXBuildFile; fileRef = B892B6881C7980E00023FEF1 /* Social.framework */; };
		B892B68D1C7980F90023FEF1 /* SystemConfiguration.framework in Frameworks */ = {isa = PBXBuildFile; fileRef = B892B68C1C7980F90023FEF1 /* SystemConfiguration.framework */; };
		B892B68F1C7981030023FEF1 /* UIKit.framework in Frameworks */ = {isa = PBXBuildFile; fileRef = B892B68E1C7981030023FEF1 /* UIKit.framework */; };
		B892B6911C7981080023FEF1 /* MobileCoreServices.framework in Frameworks */ = {isa = PBXBuildFile; fileRef = B892B6901C7981080023FEF1 /* MobileCoreServices.framework */; };
		B892B6931C79811F0023FEF1 /* CoreLocation.framework in Frameworks */ = {isa = PBXBuildFile; fileRef = B892B6921C79811F0023FEF1 /* CoreLocation.framework */; };
		B892B6951C7981260023FEF1 /* Accounts.framework in Frameworks */ = {isa = PBXBuildFile; fileRef = B892B6941C7981260023FEF1 /* Accounts.framework */; };
		B892B6971C7981420023FEF1 /* AudioToolbox.framework in Frameworks */ = {isa = PBXBuildFile; fileRef = B892B6961C7981420023FEF1 /* AudioToolbox.framework */; };
		B892B6991C79814A0023FEF1 /* CFNetwork.framework in Frameworks */ = {isa = PBXBuildFile; fileRef = B892B6981C79814A0023FEF1 /* CFNetwork.framework */; };
		B892B69B1C7981520023FEF1 /* CoreGraphics.framework in Frameworks */ = {isa = PBXBuildFile; fileRef = B892B69A1C7981520023FEF1 /* CoreGraphics.framework */; };
		B892B69D1C79815A0023FEF1 /* Foundation.framework in Frameworks */ = {isa = PBXBuildFile; fileRef = B892B69C1C79815A0023FEF1 /* Foundation.framework */; };
		B892B69F1C7981690023FEF1 /* libsqlite3.tbd in Frameworks */ = {isa = PBXBuildFile; fileRef = B892B69E1C7981690023FEF1 /* libsqlite3.tbd */; };
		B892B6A11C7981720023FEF1 /* libz.tbd in Frameworks */ = {isa = PBXBuildFile; fileRef = B892B6A01C7981720023FEF1 /* libz.tbd */; };
		B89CFE1F1C8BF89200BDF3F2 /* nav_Bar.png in Resources */ = {isa = PBXBuildFile; fileRef = B89CFE1D1C8BF89200BDF3F2 /* nav_Bar.png */; };
		B89CFE201C8BF89200BDF3F2 /* nav_Bar@2x.png in Resources */ = {isa = PBXBuildFile; fileRef = B89CFE1E1C8BF89200BDF3F2 /* nav_Bar@2x.png */; };
		B89CFE241C8C047500BDF3F2 /* SideMenuViewController.m in Sources */ = {isa = PBXBuildFile; fileRef = B89CFE231C8C047500BDF3F2 /* SideMenuViewController.m */; };
		B89CFE271C8C08F200BDF3F2 /* SWRevealViewController.m in Sources */ = {isa = PBXBuildFile; fileRef = B89CFE261C8C08F200BDF3F2 /* SWRevealViewController.m */; };
		B89CFE2A1C8C406000BDF3F2 /* OrderTableViewCell.m in Sources */ = {isa = PBXBuildFile; fileRef = B89CFE291C8C406000BDF3F2 /* OrderTableViewCell.m */; };
		B8C949B31C7AD53D003DB59D /* Bolts.framework in Frameworks */ = {isa = PBXBuildFile; fileRef = B8C949B01C7AD53D003DB59D /* Bolts.framework */; };
		B8C949B41C7AD53D003DB59D /* FBSDKCoreKit.framework in Frameworks */ = {isa = PBXBuildFile; fileRef = B8C949B11C7AD53D003DB59D /* FBSDKCoreKit.framework */; };
		B8C949BB1C7B3A30003DB59D /* ParseFacebookUtilsV4.framework in Frameworks */ = {isa = PBXBuildFile; fileRef = B8C949BA1C7B3A30003DB59D /* ParseFacebookUtilsV4.framework */; };
		B8E798481C85843000259465 /* foodbasket.png in Resources */ = {isa = PBXBuildFile; fileRef = B8E7983B1C85843000259465 /* foodbasket.png */; };
		B8E798491C85843000259465 /* saladbowl.png in Resources */ = {isa = PBXBuildFile; fileRef = B8E7983C1C85843000259465 /* saladbowl.png */; };
		B8E7984A1C85843000259465 /* spoonandfork.png in Resources */ = {isa = PBXBuildFile; fileRef = B8E7983D1C85843000259465 /* spoonandfork.png */; };
		B8E7984B1C85843000259465 /* truck.png in Resources */ = {isa = PBXBuildFile; fileRef = B8E7983E1C85843000259465 /* truck.png */; };
		B8E7984C1C85843000259465 /* halloumi.png in Resources */ = {isa = PBXBuildFile; fileRef = B8E798401C85843000259465 /* halloumi.png */; };
		B8E7984D1C85843000259465 /* primavera.png in Resources */ = {isa = PBXBuildFile; fileRef = B8E798411C85843000259465 /* primavera.png */; };
		B8E7984E1C85843000259465 /* tomato.png in Resources */ = {isa = PBXBuildFile; fileRef = B8E798421C85843000259465 /* tomato.png */; };
		B8E7984F1C85843000259465 /* wilted.png in Resources */ = {isa = PBXBuildFile; fileRef = B8E798431C85843000259465 /* wilted.png */; };
		B8E798501C85843000259465 /* house.png in Resources */ = {isa = PBXBuildFile; fileRef = B8E798451C85843000259465 /* house.png */; };
		B8E798511C85843000259465 /* orderhistory.png in Resources */ = {isa = PBXBuildFile; fileRef = B8E798461C85843000259465 /* orderhistory.png */; };
		B8E798521C85843000259465 /* profile.png in Resources */ = {isa = PBXBuildFile; fileRef = B8E798471C85843000259465 /* profile.png */; };
/* End PBXBuildFile section */

/* Begin PBXFileReference section */
		366E808B1C8618E200CD7A0E /* Parse.framework */ = {isa = PBXFileReference; lastKnownFileType = wrapper.framework; path = Parse.framework; sourceTree = "<group>"; };
		B81ED0A61C79908900A53A96 /* ParseFacebookUtils.framework */ = {isa = PBXFileReference; lastKnownFileType = wrapper.framework; path = ParseFacebookUtils.framework; sourceTree = "<group>"; };
		B81ED0A81C79923D00A53A96 /* FBSDKLoginKit.framework */ = {isa = PBXFileReference; lastKnownFileType = wrapper.framework; path = FBSDKLoginKit.framework; sourceTree = "<group>"; };
		B81ED0AD1C79A3D700A53A96 /* Comms.h */ = {isa = PBXFileReference; fileEncoding = 4; lastKnownFileType = sourcecode.c.h; path = Comms.h; sourceTree = "<group>"; };
		B81ED0AE1C79A3D700A53A96 /* Comms.m */ = {isa = PBXFileReference; fileEncoding = 4; lastKnownFileType = sourcecode.c.objc; path = Comms.m; sourceTree = "<group>"; };
		B82C7BC91C941F36004F79BE /* Base */ = {isa = PBXFileReference; lastKnownFileType = file.storyboard; name = Base; path = Base.lproj/MainStoryboard.storyboard; sourceTree = "<group>"; };
		B84A90791C705FC500D214F1 /* FoodMaz.app */ = {isa = PBXFileReference; explicitFileType = wrapper.application; includeInIndex = 0; path = FoodMaz.app; sourceTree = BUILT_PRODUCTS_DIR; };
		B84A907D1C705FC500D214F1 /* main.m */ = {isa = PBXFileReference; lastKnownFileType = sourcecode.c.objc; path = main.m; sourceTree = "<group>"; };
		B84A90861C705FC500D214F1 /* Base */ = {isa = PBXFileReference; lastKnownFileType = file.storyboard; name = Base; path = Base.lproj/Main.storyboard; sourceTree = "<group>"; };
		B84A90881C705FC500D214F1 /* Assets.xcassets */ = {isa = PBXFileReference; lastKnownFileType = folder.assetcatalog; path = Assets.xcassets; sourceTree = "<group>"; };
		B84A908B1C705FC500D214F1 /* Base */ = {isa = PBXFileReference; lastKnownFileType = file.storyboard; name = Base; path = Base.lproj/LaunchScreen.storyboard; sourceTree = "<group>"; };
		B84A908D1C705FC500D214F1 /* Info.plist */ = {isa = PBXFileReference; lastKnownFileType = text.plist.xml; path = Info.plist; sourceTree = "<group>"; };
		B85360F11C82DCA600CD0276 /* ParseUI.framework */ = {isa = PBXFileReference; lastKnownFileType = wrapper.framework; path = ParseUI.framework; sourceTree = "<group>"; };
		B85360FF1C8333AE00CD0276 /* FM_Constants.h */ = {isa = PBXFileReference; fileEncoding = 4; lastKnownFileType = sourcecode.c.h; path = FM_Constants.h; sourceTree = "<group>"; };
		B86BAFC91C88095D001CB94A /* AppDelegate.h */ = {isa = PBXFileReference; fileEncoding = 4; lastKnownFileType = sourcecode.c.h; path = AppDelegate.h; sourceTree = "<group>"; };
		B86BAFCA1C88095D001CB94A /* AppDelegate.m */ = {isa = PBXFileReference; fileEncoding = 4; lastKnownFileType = sourcecode.c.objc; path = AppDelegate.m; sourceTree = "<group>"; };
		B86BAFCC1C88095D001CB94A /* FM_BaseViewController.h */ = {isa = PBXFileReference; fileEncoding = 4; lastKnownFileType = sourcecode.c.h; path = FM_BaseViewController.h; sourceTree = "<group>"; };
		B86BAFCD1C88095D001CB94A /* FM_BaseViewController.m */ = {isa = PBXFileReference; fileEncoding = 4; lastKnownFileType = sourcecode.c.objc; path = FM_BaseViewController.m; sourceTree = "<group>"; };
		B86BAFCF1C88095D001CB94A /* HomeViewController.h */ = {isa = PBXFileReference; fileEncoding = 4; lastKnownFileType = sourcecode.c.h; path = HomeViewController.h; sourceTree = "<group>"; };
		B86BAFD01C88095D001CB94A /* HomeViewController.m */ = {isa = PBXFileReference; fileEncoding = 4; lastKnownFileType = sourcecode.c.objc; path = HomeViewController.m; sourceTree = "<group>"; };
		B86BAFD21C88095D001CB94A /* ViewController.h */ = {isa = PBXFileReference; fileEncoding = 4; lastKnownFileType = sourcecode.c.h; path = ViewController.h; sourceTree = "<group>"; };
		B86BAFD31C88095D001CB94A /* ViewController.m */ = {isa = PBXFileReference; fileEncoding = 4; lastKnownFileType = sourcecode.c.objc; path = ViewController.m; sourceTree = "<group>"; };
		B86BAFD51C88095D001CB94A /* MakeMySaladViewController.h */ = {isa = PBXFileReference; fileEncoding = 4; lastKnownFileType = sourcecode.c.h; path = MakeMySaladViewController.h; sourceTree = "<group>"; };
		B86BAFD61C88095D001CB94A /* MakeMySaladViewController.m */ = {isa = PBXFileReference; fileEncoding = 4; lastKnownFileType = sourcecode.c.objc; path = MakeMySaladViewController.m; sourceTree = "<group>"; };
		B86BAFD81C88095D001CB94A /* ConfirmSalad.h */ = {isa = PBXFileReference; fileEncoding = 4; lastKnownFileType = sourcecode.c.h; path = ConfirmSalad.h; sourceTree = "<group>"; };
		B86BAFD91C88095D001CB94A /* ConfirmSalad.m */ = {isa = PBXFileReference; fileEncoding = 4; lastKnownFileType = sourcecode.c.objc; path = ConfirmSalad.m; sourceTree = "<group>"; };
		B86BAFDA1C88095D001CB94A /* ConfirmSalad.xib */ = {isa = PBXFileReference; fileEncoding = 4; lastKnownFileType = file.xib; path = ConfirmSalad.xib; sourceTree = "<group>"; };
		B86BAFDC1C88095D001CB94A /* OrderViewController.h */ = {isa = PBXFileReference; fileEncoding = 4; lastKnownFileType = sourcecode.c.h; path = OrderViewController.h; sourceTree = "<group>"; };
		B86BAFDD1C88095D001CB94A /* OrderViewController.m */ = {isa = PBXFileReference; fileEncoding = 4; lastKnownFileType = sourcecode.c.objc; path = OrderViewController.m; sourceTree = "<group>"; };
		B86BAFDF1C88095D001CB94A /* SignupViewController.h */ = {isa = PBXFileReference; fileEncoding = 4; lastKnownFileType = sourcecode.c.h; path = SignupViewController.h; sourceTree = "<group>"; };
		B86BAFE01C88095D001CB94A /* SignupViewController.m */ = {isa = PBXFileReference; fileEncoding = 4; lastKnownFileType = sourcecode.c.objc; path = SignupViewController.m; sourceTree = "<group>"; };
		B86BAFE31C88095D001CB94A /* FM_Color.h */ = {isa = PBXFileReference; fileEncoding = 4; lastKnownFileType = sourcecode.c.h; path = FM_Color.h; sourceTree = "<group>"; };
		B86BAFE41C88095D001CB94A /* FM_Color.m */ = {isa = PBXFileReference; fileEncoding = 4; lastKnownFileType = sourcecode.c.objc; path = FM_Color.m; sourceTree = "<group>"; };
		B86BAFE51C88095D001CB94A /* FM_Font.h */ = {isa = PBXFileReference; fileEncoding = 4; lastKnownFileType = sourcecode.c.h; path = FM_Font.h; sourceTree = "<group>"; };
		B86BAFE61C88095D001CB94A /* FM_Font.m */ = {isa = PBXFileReference; fileEncoding = 4; lastKnownFileType = sourcecode.c.objc; path = FM_Font.m; sourceTree = "<group>"; };
		B86BAFE81C88095D001CB94A /* FM_Salad.h */ = {isa = PBXFileReference; fileEncoding = 4; lastKnownFileType = sourcecode.c.h; path = FM_Salad.h; sourceTree = "<group>"; };
		B86BAFE91C88095D001CB94A /* FM_Salad.m */ = {isa = PBXFileReference; fileEncoding = 4; lastKnownFileType = sourcecode.c.objc; path = FM_Salad.m; sourceTree = "<group>"; };
		B86BAFEA1C88095D001CB94A /* FM_SaladManager.h */ = {isa = PBXFileReference; fileEncoding = 4; lastKnownFileType = sourcecode.c.h; path = FM_SaladManager.h; sourceTree = "<group>"; };
		B86BAFEB1C88095D001CB94A /* FM_SaladManager.m */ = {isa = PBXFileReference; fileEncoding = 4; lastKnownFileType = sourcecode.c.objc; path = FM_SaladManager.m; sourceTree = "<group>"; };
		B86BAFEC1C88095D001CB94A /* FM_SaladStack.h */ = {isa = PBXFileReference; fileEncoding = 4; lastKnownFileType = sourcecode.c.h; path = FM_SaladStack.h; sourceTree = "<group>"; };
		B86BAFED1C88095D001CB94A /* FM_SaladStack.m */ = {isa = PBXFileReference; fileEncoding = 4; lastKnownFileType = sourcecode.c.objc; path = FM_SaladStack.m; sourceTree = "<group>"; };
		B86BAFF01C88095D001CB94A /* FM_SaladStackView.h */ = {isa = PBXFileReference; fileEncoding = 4; lastKnownFileType = sourcecode.c.h; path = FM_SaladStackView.h; sourceTree = "<group>"; };
		B86BAFF11C88095D001CB94A /* FM_SaladStackView.m */ = {isa = PBXFileReference; fileEncoding = 4; lastKnownFileType = sourcecode.c.objc; path = FM_SaladStackView.m; sourceTree = "<group>"; };
		B86BAFF31C88095D001CB94A /* SaladTableViewCell.h */ = {isa = PBXFileReference; fileEncoding = 4; lastKnownFileType = sourcecode.c.h; path = SaladTableViewCell.h; sourceTree = "<group>"; };
		B86BAFF41C88095D001CB94A /* SaladTableViewCell.m */ = {isa = PBXFileReference; fileEncoding = 4; lastKnownFileType = sourcecode.c.objc; path = SaladTableViewCell.m; sourceTree = "<group>"; };
		B86BAFF51C88095D001CB94A /* SaladTableViewCell.xib */ = {isa = PBXFileReference; fileEncoding = 4; lastKnownFileType = file.xib; path = SaladTableViewCell.xib; sourceTree = "<group>"; };
		B86BAFF71C88095D001CB94A /* FM_ScrollView.h */ = {isa = PBXFileReference; fileEncoding = 4; lastKnownFileType = sourcecode.c.h; path = FM_ScrollView.h; sourceTree = "<group>"; };
		B86BAFF81C88095D001CB94A /* FM_ScrollView.m */ = {isa = PBXFileReference; fileEncoding = 4; lastKnownFileType = sourcecode.c.objc; path = FM_ScrollView.m; sourceTree = "<group>"; };
		B86BB00C1C881672001CB94A /* FM_PopUP.h */ = {isa = PBXFileReference; fileEncoding = 4; lastKnownFileType = sourcecode.c.h; name = FM_PopUP.h; path = POPUP/FM_PopUP.h; sourceTree = "<group>"; };
		B86BB00D1C881672001CB94A /* FM_PopUP.m */ = {isa = PBXFileReference; fileEncoding = 4; lastKnownFileType = sourcecode.c.objc; name = FM_PopUP.m; path = POPUP/FM_PopUP.m; sourceTree = "<group>"; };
		B86BB0191C882A05001CB94A /* menu.png */ = {isa = PBXFileReference; lastKnownFileType = image.png; path = menu.png; sourceTree = "<group>"; };
		B86BB01A1C882A05001CB94A /* menu@2x.png */ = {isa = PBXFileReference; lastKnownFileType = image.png; path = "menu@2x.png"; sourceTree = "<group>"; };
		B86BB01D1C884769001CB94A /* foodmazlogo.png */ = {isa = PBXFileReference; lastKnownFileType = image.png; path = foodmazlogo.png; sourceTree = "<group>"; };
		B86BB01F1C884D77001CB94A /* back.png */ = {isa = PBXFileReference; lastKnownFileType = image.png; path = back.png; sourceTree = "<group>"; };
		B86BB0201C884D77001CB94A /* x.png */ = {isa = PBXFileReference; lastKnownFileType = image.png; path = x.png; sourceTree = "<group>"; };
		B892B6841C7980D00023FEF1 /* QuartzCore.framework */ = {isa = PBXFileReference; lastKnownFileType = wrapper.framework; name = QuartzCore.framework; path = System/Library/Frameworks/QuartzCore.framework; sourceTree = SDKROOT; };
		B892B6861C7980D70023FEF1 /* Security.framework */ = {isa = PBXFileReference; lastKnownFileType = wrapper.framework; name = Security.framework; path = System/Library/Frameworks/Security.framework; sourceTree = SDKROOT; };
		B892B6881C7980E00023FEF1 /* Social.framework */ = {isa = PBXFileReference; lastKnownFileType = wrapper.framework; name = Social.framework; path = System/Library/Frameworks/Social.framework; sourceTree = SDKROOT; };
		B892B68C1C7980F90023FEF1 /* SystemConfiguration.framework */ = {isa = PBXFileReference; lastKnownFileType = wrapper.framework; name = SystemConfiguration.framework; path = System/Library/Frameworks/SystemConfiguration.framework; sourceTree = SDKROOT; };
		B892B68E1C7981030023FEF1 /* UIKit.framework */ = {isa = PBXFileReference; lastKnownFileType = wrapper.framework; name = UIKit.framework; path = System/Library/Frameworks/UIKit.framework; sourceTree = SDKROOT; };
		B892B6901C7981080023FEF1 /* MobileCoreServices.framework */ = {isa = PBXFileReference; lastKnownFileType = wrapper.framework; name = MobileCoreServices.framework; path = System/Library/Frameworks/MobileCoreServices.framework; sourceTree = SDKROOT; };
		B892B6921C79811F0023FEF1 /* CoreLocation.framework */ = {isa = PBXFileReference; lastKnownFileType = wrapper.framework; name = CoreLocation.framework; path = System/Library/Frameworks/CoreLocation.framework; sourceTree = SDKROOT; };
		B892B6941C7981260023FEF1 /* Accounts.framework */ = {isa = PBXFileReference; lastKnownFileType = wrapper.framework; name = Accounts.framework; path = System/Library/Frameworks/Accounts.framework; sourceTree = SDKROOT; };
		B892B6961C7981420023FEF1 /* AudioToolbox.framework */ = {isa = PBXFileReference; lastKnownFileType = wrapper.framework; name = AudioToolbox.framework; path = System/Library/Frameworks/AudioToolbox.framework; sourceTree = SDKROOT; };
		B892B6981C79814A0023FEF1 /* CFNetwork.framework */ = {isa = PBXFileReference; lastKnownFileType = wrapper.framework; name = CFNetwork.framework; path = System/Library/Frameworks/CFNetwork.framework; sourceTree = SDKROOT; };
		B892B69A1C7981520023FEF1 /* CoreGraphics.framework */ = {isa = PBXFileReference; lastKnownFileType = wrapper.framework; name = CoreGraphics.framework; path = System/Library/Frameworks/CoreGraphics.framework; sourceTree = SDKROOT; };
		B892B69C1C79815A0023FEF1 /* Foundation.framework */ = {isa = PBXFileReference; lastKnownFileType = wrapper.framework; name = Foundation.framework; path = System/Library/Frameworks/Foundation.framework; sourceTree = SDKROOT; };
		B892B69E1C7981690023FEF1 /* libsqlite3.tbd */ = {isa = PBXFileReference; lastKnownFileType = "sourcecode.text-based-dylib-definition"; name = libsqlite3.tbd; path = usr/lib/libsqlite3.tbd; sourceTree = SDKROOT; };
		B892B6A01C7981720023FEF1 /* libz.tbd */ = {isa = PBXFileReference; lastKnownFileType = "sourcecode.text-based-dylib-definition"; name = libz.tbd; path = usr/lib/libz.tbd; sourceTree = SDKROOT; };
		B89CFE1D1C8BF89200BDF3F2 /* nav_Bar.png */ = {isa = PBXFileReference; lastKnownFileType = image.png; path = nav_Bar.png; sourceTree = "<group>"; };
		B89CFE1E1C8BF89200BDF3F2 /* nav_Bar@2x.png */ = {isa = PBXFileReference; lastKnownFileType = image.png; path = "nav_Bar@2x.png"; sourceTree = "<group>"; };
		B89CFE221C8C047500BDF3F2 /* SideMenuViewController.h */ = {isa = PBXFileReference; fileEncoding = 4; lastKnownFileType = sourcecode.c.h; path = SideMenuViewController.h; sourceTree = "<group>"; };
		B89CFE231C8C047500BDF3F2 /* SideMenuViewController.m */ = {isa = PBXFileReference; fileEncoding = 4; lastKnownFileType = sourcecode.c.objc; path = SideMenuViewController.m; sourceTree = "<group>"; };
		B89CFE251C8C08F200BDF3F2 /* SWRevealViewController.h */ = {isa = PBXFileReference; fileEncoding = 4; lastKnownFileType = sourcecode.c.h; path = SWRevealViewController.h; sourceTree = "<group>"; };
		B89CFE261C8C08F200BDF3F2 /* SWRevealViewController.m */ = {isa = PBXFileReference; fileEncoding = 4; lastKnownFileType = sourcecode.c.objc; path = SWRevealViewController.m; sourceTree = "<group>"; };
		B89CFE281C8C406000BDF3F2 /* OrderTableViewCell.h */ = {isa = PBXFileReference; fileEncoding = 4; lastKnownFileType = sourcecode.c.h; name = OrderTableViewCell.h; path = View/OrderTableViewCell.h; sourceTree = "<group>"; };
		B89CFE291C8C406000BDF3F2 /* OrderTableViewCell.m */ = {isa = PBXFileReference; fileEncoding = 4; lastKnownFileType = sourcecode.c.objc; name = OrderTableViewCell.m; path = View/OrderTableViewCell.m; sourceTree = "<group>"; };
		B8C949B01C7AD53D003DB59D /* Bolts.framework */ = {isa = PBXFileReference; lastKnownFileType = wrapper.framework; path = Bolts.framework; sourceTree = "<group>"; };
		B8C949B11C7AD53D003DB59D /* FBSDKCoreKit.framework */ = {isa = PBXFileReference; lastKnownFileType = wrapper.framework; path = FBSDKCoreKit.framework; sourceTree = "<group>"; };
		B8C949B91C7B3909003DB59D /* FoodMaz-Prefix.pch */ = {isa = PBXFileReference; fileEncoding = 4; lastKnownFileType = sourcecode.c.h; path = "FoodMaz-Prefix.pch"; sourceTree = "<group>"; };
		B8C949BA1C7B3A30003DB59D /* ParseFacebookUtilsV4.framework */ = {isa = PBXFileReference; lastKnownFileType = wrapper.framework; path = ParseFacebookUtilsV4.framework; sourceTree = "<group>"; };
		B8E7983B1C85843000259465 /* foodbasket.png */ = {isa = PBXFileReference; lastKnownFileType = image.png; path = foodbasket.png; sourceTree = "<group>"; };
		B8E7983C1C85843000259465 /* saladbowl.png */ = {isa = PBXFileReference; lastKnownFileType = image.png; path = saladbowl.png; sourceTree = "<group>"; };
		B8E7983D1C85843000259465 /* spoonandfork.png */ = {isa = PBXFileReference; lastKnownFileType = image.png; path = spoonandfork.png; sourceTree = "<group>"; };
		B8E7983E1C85843000259465 /* truck.png */ = {isa = PBXFileReference; lastKnownFileType = image.png; path = truck.png; sourceTree = "<group>"; };
		B8E798401C85843000259465 /* halloumi.png */ = {isa = PBXFileReference; lastKnownFileType = image.png; path = halloumi.png; sourceTree = "<group>"; };
		B8E798411C85843000259465 /* primavera.png */ = {isa = PBXFileReference; lastKnownFileType = image.png; path = primavera.png; sourceTree = "<group>"; };
		B8E798421C85843000259465 /* tomato.png */ = {isa = PBXFileReference; lastKnownFileType = image.png; path = tomato.png; sourceTree = "<group>"; };
		B8E798431C85843000259465 /* wilted.png */ = {isa = PBXFileReference; lastKnownFileType = image.png; path = wilted.png; sourceTree = "<group>"; };
		B8E798451C85843000259465 /* house.png */ = {isa = PBXFileReference; lastKnownFileType = image.png; path = house.png; sourceTree = "<group>"; };
		B8E798461C85843000259465 /* orderhistory.png */ = {isa = PBXFileReference; lastKnownFileType = image.png; path = orderhistory.png; sourceTree = "<group>"; };
		B8E798471C85843000259465 /* profile.png */ = {isa = PBXFileReference; lastKnownFileType = image.png; path = profile.png; sourceTree = "<group>"; };
/* End PBXFileReference section */

/* Begin PBXFrameworksBuildPhase section */
		B84A90761C705FC500D214F1 /* Frameworks */ = {
			isa = PBXFrameworksBuildPhase;
			buildActionMask = 2147483647;
			files = (
				B88AD8421C9922F500AFC006 /* Parse.framework in Frameworks */,
				B85360F31C82DCA600CD0276 /* ParseUI.framework in Frameworks */,
				B892B6A11C7981720023FEF1 /* libz.tbd in Frameworks */,
				B8C949B31C7AD53D003DB59D /* Bolts.framework in Frameworks */,
				B8C949BB1C7B3A30003DB59D /* ParseFacebookUtilsV4.framework in Frameworks */,
				B892B69F1C7981690023FEF1 /* libsqlite3.tbd in Frameworks */,
				B892B69D1C79815A0023FEF1 /* Foundation.framework in Frameworks */,
				B8C949B41C7AD53D003DB59D /* FBSDKCoreKit.framework in Frameworks */,
				B892B69B1C7981520023FEF1 /* CoreGraphics.framework in Frameworks */,
				B892B6991C79814A0023FEF1 /* CFNetwork.framework in Frameworks */,
				B892B6971C7981420023FEF1 /* AudioToolbox.framework in Frameworks */,
				B892B6951C7981260023FEF1 /* Accounts.framework in Frameworks */,
				B892B6931C79811F0023FEF1 /* CoreLocation.framework in Frameworks */,
				B892B6911C7981080023FEF1 /* MobileCoreServices.framework in Frameworks */,
				B81ED0A91C79923D00A53A96 /* FBSDKLoginKit.framework in Frameworks */,
				B892B68F1C7981030023FEF1 /* UIKit.framework in Frameworks */,
				B892B68D1C7980F90023FEF1 /* SystemConfiguration.framework in Frameworks */,
				B892B6891C7980E00023FEF1 /* Social.framework in Frameworks */,
				B892B6871C7980D70023FEF1 /* Security.framework in Frameworks */,
				B81ED0A71C79908900A53A96 /* ParseFacebookUtils.framework in Frameworks */,
				B892B6851C7980D00023FEF1 /* QuartzCore.framework in Frameworks */,
			);
			runOnlyForDeploymentPostprocessing = 0;
		};
/* End PBXFrameworksBuildPhase section */

/* Begin PBXGroup section */
		B81ED0AC1C79A3D700A53A96 /* Utilities */ = {
			isa = PBXGroup;
			children = (
				B81ED0AD1C79A3D700A53A96 /* Comms.h */,
				B81ED0AE1C79A3D700A53A96 /* Comms.m */,
			);
			path = Utilities;
			sourceTree = "<group>";
		};
		B84A90701C705FC500D214F1 = {
			isa = PBXGroup;
			children = (
				B84A907B1C705FC500D214F1 /* FoodMaz */,
				B84A907A1C705FC500D214F1 /* Products */,
			);
			sourceTree = "<group>";
		};
		B84A907A1C705FC500D214F1 /* Products */ = {
			isa = PBXGroup;
			children = (
				B84A90791C705FC500D214F1 /* FoodMaz.app */,
			);
			name = Products;
			sourceTree = "<group>";
		};
		B84A907B1C705FC500D214F1 /* FoodMaz */ = {
			isa = PBXGroup;
			children = (
				B86BAFC81C88095D001CB94A /* App Modal */,
				B86BAFE11C88095D001CB94A /* Base Elements */,
				B86BAFE71C88095D001CB94A /* Modal */,
				B86BAFEE1C88095D001CB94A /* View Components */,
				B8E798391C85843000259465 /* Images */,
				B81ED0AC1C79A3D700A53A96 /* Utilities */,
				B84A90851C705FC500D214F1 /* Main.storyboard */,
				B82C7BC81C941F36004F79BE /* MainStoryboard.storyboard */,
				B84A90881C705FC500D214F1 /* Assets.xcassets */,
				B84A908A1C705FC500D214F1 /* LaunchScreen.storyboard */,
				B84A908D1C705FC500D214F1 /* Info.plist */,
				B892B6A21C79817D0023FEF1 /* Frameworks */,
				B84A907C1C705FC500D214F1 /* Supporting Files */,
			);
			path = FoodMaz;
			sourceTree = "<group>";
		};
		B84A907C1C705FC500D214F1 /* Supporting Files */ = {
			isa = PBXGroup;
			children = (
				B8C949B91C7B3909003DB59D /* FoodMaz-Prefix.pch */,
				B85360FF1C8333AE00CD0276 /* FM_Constants.h */,
				B84A907D1C705FC500D214F1 /* main.m */,
			);
			name = "Supporting Files";
			sourceTree = "<group>";
		};
		B86BAFC81C88095D001CB94A /* App Modal */ = {
			isa = PBXGroup;
			children = (
				B86BAFC91C88095D001CB94A /* AppDelegate.h */,
				B86BAFCA1C88095D001CB94A /* AppDelegate.m */,
				B86BB0121C882678001CB94A /* SlideMenu */,
				B86BAFCB1C88095D001CB94A /* Base View */,
				B86BAFCE1C88095D001CB94A /* Home View */,
				B86BAFD11C88095D001CB94A /* Login View */,
				B86BAFD41C88095D001CB94A /* MakeMySalad View */,
				B86BAFDB1C88095D001CB94A /* OrderSalad View */,
				B86BAFDE1C88095D001CB94A /* SignUp View */,
			);
			path = "App Modal";
			sourceTree = "<group>";
		};
		B86BAFCB1C88095D001CB94A /* Base View */ = {
			isa = PBXGroup;
			children = (
				B86BAFCC1C88095D001CB94A /* FM_BaseViewController.h */,
				B86BAFCD1C88095D001CB94A /* FM_BaseViewController.m */,
			);
			path = "Base View";
			sourceTree = "<group>";
		};
		B86BAFCE1C88095D001CB94A /* Home View */ = {
			isa = PBXGroup;
			children = (
				B86BAFCF1C88095D001CB94A /* HomeViewController.h */,
				B86BAFD01C88095D001CB94A /* HomeViewController.m */,
			);
			path = "Home View";
			sourceTree = "<group>";
		};
		B86BAFD11C88095D001CB94A /* Login View */ = {
			isa = PBXGroup;
			children = (
				B86BAFD21C88095D001CB94A /* ViewController.h */,
				B86BAFD31C88095D001CB94A /* ViewController.m */,
			);
			path = "Login View";
			sourceTree = "<group>";
		};
		B86BAFD41C88095D001CB94A /* MakeMySalad View */ = {
			isa = PBXGroup;
			children = (
				B86BAFD51C88095D001CB94A /* MakeMySaladViewController.h */,
				B86BAFD61C88095D001CB94A /* MakeMySaladViewController.m */,
				B86BAFD71C88095D001CB94A /* View */,
			);
			path = "MakeMySalad View";
			sourceTree = "<group>";
		};
		B86BAFD71C88095D001CB94A /* View */ = {
			isa = PBXGroup;
			children = (
				B86BAFD81C88095D001CB94A /* ConfirmSalad.h */,
				B86BAFD91C88095D001CB94A /* ConfirmSalad.m */,
				B86BAFDA1C88095D001CB94A /* ConfirmSalad.xib */,
			);
			path = View;
			sourceTree = "<group>";
		};
		B86BAFDB1C88095D001CB94A /* OrderSalad View */ = {
			isa = PBXGroup;
			children = (
				B86BAFDC1C88095D001CB94A /* OrderViewController.h */,
				B86BAFDD1C88095D001CB94A /* OrderViewController.m */,
				B89CFE281C8C406000BDF3F2 /* OrderTableViewCell.h */,
				B89CFE291C8C406000BDF3F2 /* OrderTableViewCell.m */,
			);
			path = "OrderSalad View";
			sourceTree = "<group>";
		};
		B86BAFDE1C88095D001CB94A /* SignUp View */ = {
			isa = PBXGroup;
			children = (
				B86BAFDF1C88095D001CB94A /* SignupViewController.h */,
				B86BAFE01C88095D001CB94A /* SignupViewController.m */,
			);
			path = "SignUp View";
			sourceTree = "<group>";
		};
		B86BAFE11C88095D001CB94A /* Base Elements */ = {
			isa = PBXGroup;
			children = (
				B86BAFE21C88095D001CB94A /* Theme */,
			);
			path = "Base Elements";
			sourceTree = "<group>";
		};
		B86BAFE21C88095D001CB94A /* Theme */ = {
			isa = PBXGroup;
			children = (
				B86BAFE31C88095D001CB94A /* FM_Color.h */,
				B86BAFE41C88095D001CB94A /* FM_Color.m */,
				B86BAFE51C88095D001CB94A /* FM_Font.h */,
				B86BAFE61C88095D001CB94A /* FM_Font.m */,
			);
			path = Theme;
			sourceTree = "<group>";
		};
		B86BAFE71C88095D001CB94A /* Modal */ = {
			isa = PBXGroup;
			children = (
				B86BAFE81C88095D001CB94A /* FM_Salad.h */,
				B86BAFE91C88095D001CB94A /* FM_Salad.m */,
				B86BAFEA1C88095D001CB94A /* FM_SaladManager.h */,
				B86BAFEB1C88095D001CB94A /* FM_SaladManager.m */,
				B86BAFEC1C88095D001CB94A /* FM_SaladStack.h */,
				B86BAFED1C88095D001CB94A /* FM_SaladStack.m */,
			);
			path = Modal;
			sourceTree = "<group>";
		};
		B86BAFEE1C88095D001CB94A /* View Components */ = {
			isa = PBXGroup;
			children = (
				B86BAFEF1C88095D001CB94A /* Salad Satck View */,
				B86BAFF21C88095D001CB94A /* Salad TableView Cell */,
				B86BAFF61C88095D001CB94A /* ScrollView */,
				B86BB00C1C881672001CB94A /* FM_PopUP.h */,
				B86BB00D1C881672001CB94A /* FM_PopUP.m */,
			);
			path = "View Components";
			sourceTree = "<group>";
		};
		B86BAFEF1C88095D001CB94A /* Salad Satck View */ = {
			isa = PBXGroup;
			children = (
				B86BAFF01C88095D001CB94A /* FM_SaladStackView.h */,
				B86BAFF11C88095D001CB94A /* FM_SaladStackView.m */,
			);
			path = "Salad Satck View";
			sourceTree = "<group>";
		};
		B86BAFF21C88095D001CB94A /* Salad TableView Cell */ = {
			isa = PBXGroup;
			children = (
				B86BAFF31C88095D001CB94A /* SaladTableViewCell.h */,
				B86BAFF41C88095D001CB94A /* SaladTableViewCell.m */,
				B86BAFF51C88095D001CB94A /* SaladTableViewCell.xib */,
			);
			path = "Salad TableView Cell";
			sourceTree = "<group>";
		};
		B86BAFF61C88095D001CB94A /* ScrollView */ = {
			isa = PBXGroup;
			children = (
				B86BAFF71C88095D001CB94A /* FM_ScrollView.h */,
				B86BAFF81C88095D001CB94A /* FM_ScrollView.m */,
			);
			path = ScrollView;
			sourceTree = "<group>";
		};
		B86BB0121C882678001CB94A /* SlideMenu */ = {
			isa = PBXGroup;
			children = (
				B89CFE251C8C08F200BDF3F2 /* SWRevealViewController.h */,
				B89CFE261C8C08F200BDF3F2 /* SWRevealViewController.m */,
				B89CFE221C8C047500BDF3F2 /* SideMenuViewController.h */,
				B89CFE231C8C047500BDF3F2 /* SideMenuViewController.m */,
			);
			path = SlideMenu;
			sourceTree = "<group>";
		};
		B892B6A21C79817D0023FEF1 /* Frameworks */ = {
			isa = PBXGroup;
			children = (
				B892B6A31C7981B80023FEF1 /* Parse Framework */,
				B892B6A01C7981720023FEF1 /* libz.tbd */,
				B892B69E1C7981690023FEF1 /* libsqlite3.tbd */,
				B892B69C1C79815A0023FEF1 /* Foundation.framework */,
				B892B69A1C7981520023FEF1 /* CoreGraphics.framework */,
				B892B6981C79814A0023FEF1 /* CFNetwork.framework */,
				B892B6961C7981420023FEF1 /* AudioToolbox.framework */,
				B892B6941C7981260023FEF1 /* Accounts.framework */,
				B892B6921C79811F0023FEF1 /* CoreLocation.framework */,
				B892B6901C7981080023FEF1 /* MobileCoreServices.framework */,
				B892B68E1C7981030023FEF1 /* UIKit.framework */,
				B892B68C1C7980F90023FEF1 /* SystemConfiguration.framework */,
				B892B6881C7980E00023FEF1 /* Social.framework */,
				B892B6861C7980D70023FEF1 /* Security.framework */,
				B892B6841C7980D00023FEF1 /* QuartzCore.framework */,
			);
			name = Frameworks;
			path = ..;
			sourceTree = "<group>";
		};
		B892B6A31C7981B80023FEF1 /* Parse Framework */ = {
			isa = PBXGroup;
			children = (
				366E808B1C8618E200CD7A0E /* Parse.framework */,
				B85360F11C82DCA600CD0276 /* ParseUI.framework */,
				B8C949BA1C7B3A30003DB59D /* ParseFacebookUtilsV4.framework */,
				B8C949B01C7AD53D003DB59D /* Bolts.framework */,
				B8C949B11C7AD53D003DB59D /* FBSDKCoreKit.framework */,
				B81ED0A81C79923D00A53A96 /* FBSDKLoginKit.framework */,
				B81ED0A61C79908900A53A96 /* ParseFacebookUtils.framework */,
			);
			name = "Parse Framework";
			path = "FoodMaz/Parse Framework";
			sourceTree = "<group>";
		};
		B8E798391C85843000259465 /* Images */ = {
			isa = PBXGroup;
			children = (
				B89CFE1D1C8BF89200BDF3F2 /* nav_Bar.png */,
				B89CFE1E1C8BF89200BDF3F2 /* nav_Bar@2x.png */,
				B86BB0191C882A05001CB94A /* menu.png */,
				B86BB01F1C884D77001CB94A /* back.png */,
				B86BB0201C884D77001CB94A /* x.png */,
				B86BB01D1C884769001CB94A /* foodmazlogo.png */,
				B86BB01A1C882A05001CB94A /* menu@2x.png */,
				B8E7983A1C85843000259465 /* Chooseyoursalad */,
				B8E7983F1C85843000259465 /* salads */,
				B8E798441C85843000259465 /* settings */,
			);
			path = Images;
			sourceTree = "<group>";
		};
		B8E7983A1C85843000259465 /* Chooseyoursalad */ = {
			isa = PBXGroup;
			children = (
				B8E7983B1C85843000259465 /* foodbasket.png */,
				B8E7983C1C85843000259465 /* saladbowl.png */,
				B8E7983D1C85843000259465 /* spoonandfork.png */,
				B8E7983E1C85843000259465 /* truck.png */,
			);
			path = Chooseyoursalad;
			sourceTree = "<group>";
		};
		B8E7983F1C85843000259465 /* salads */ = {
			isa = PBXGroup;
			children = (
				B8E798401C85843000259465 /* halloumi.png */,
				B8E798411C85843000259465 /* primavera.png */,
				B8E798421C85843000259465 /* tomato.png */,
				B8E798431C85843000259465 /* wilted.png */,
			);
			path = salads;
			sourceTree = "<group>";
		};
		B8E798441C85843000259465 /* settings */ = {
			isa = PBXGroup;
			children = (
				B8E798451C85843000259465 /* house.png */,
				B8E798461C85843000259465 /* orderhistory.png */,
				B8E798471C85843000259465 /* profile.png */,
			);
			path = settings;
			sourceTree = "<group>";
		};
/* End PBXGroup section */

/* Begin PBXNativeTarget section */
		B84A90781C705FC500D214F1 /* FoodMaz */ = {
			isa = PBXNativeTarget;
			buildConfigurationList = B84A90901C705FC500D214F1 /* Build configuration list for PBXNativeTarget "FoodMaz" */;
			buildPhases = (
				B84A90751C705FC500D214F1 /* Sources */,
				B84A90761C705FC500D214F1 /* Frameworks */,
				B84A90771C705FC500D214F1 /* Resources */,
			);
			buildRules = (
			);
			dependencies = (
			);
			name = FoodMaz;
			productName = FoodMaz;
			productReference = B84A90791C705FC500D214F1 /* FoodMaz.app */;
			productType = "com.apple.product-type.application";
		};
/* End PBXNativeTarget section */

/* Begin PBXProject section */
		B84A90711C705FC500D214F1 /* Project object */ = {
			isa = PBXProject;
			attributes = {
				LastUpgradeCheck = 0720;
				ORGANIZATIONNAME = "Ravi Kiran";
				TargetAttributes = {
					B84A90781C705FC500D214F1 = {
						CreatedOnToolsVersion = 7.2;
						DevelopmentTeam = BML7Y29427;
						SystemCapabilities = {
							com.apple.InAppPurchase = {
								enabled = 0;
							};
							com.apple.Push = {
								enabled = 1;
							};
						};
					};
				};
			};
			buildConfigurationList = B84A90741C705FC500D214F1 /* Build configuration list for PBXProject "FoodMaz" */;
			compatibilityVersion = "Xcode 3.2";
			developmentRegion = English;
			hasScannedForEncodings = 0;
			knownRegions = (
				en,
				Base,
			);
			mainGroup = B84A90701C705FC500D214F1;
			productRefGroup = B84A907A1C705FC500D214F1 /* Products */;
			projectDirPath = "";
			projectRoot = "";
			targets = (
				B84A90781C705FC500D214F1 /* FoodMaz */,
			);
		};
/* End PBXProject section */

/* Begin PBXResourcesBuildPhase section */
		B84A90771C705FC500D214F1 /* Resources */ = {
			isa = PBXResourcesBuildPhase;
			buildActionMask = 2147483647;
			files = (
				B84A908C1C705FC500D214F1 /* LaunchScreen.storyboard in Resources */,
				B8E7984D1C85843000259465 /* primavera.png in Resources */,
				B89CFE201C8BF89200BDF3F2 /* nav_Bar@2x.png in Resources */,
				B86BB01B1C882A05001CB94A /* menu.png in Resources */,
				B84A90891C705FC500D214F1 /* Assets.xcassets in Resources */,
				B8E7984C1C85843000259465 /* halloumi.png in Resources */,
				B82C7BCA1C941F36004F79BE /* MainStoryboard.storyboard in Resources */,
				B86BB01E1C884769001CB94A /* foodmazlogo.png in Resources */,
				B86BAFFF1C88095D001CB94A /* ConfirmSalad.xib in Resources */,
				B8E798501C85843000259465 /* house.png in Resources */,
				B8E7984E1C85843000259465 /* tomato.png in Resources */,
				B86BB0221C884D77001CB94A /* x.png in Resources */,
				B8E798481C85843000259465 /* foodbasket.png in Resources */,
				B8E7984F1C85843000259465 /* wilted.png in Resources */,
				B8E7984A1C85843000259465 /* spoonandfork.png in Resources */,
				B8E798491C85843000259465 /* saladbowl.png in Resources */,
				B8E7984B1C85843000259465 /* truck.png in Resources */,
				B86BB01C1C882A05001CB94A /* menu@2x.png in Resources */,
				B8E798511C85843000259465 /* orderhistory.png in Resources */,
				B86BB0211C884D77001CB94A /* back.png in Resources */,
				B84A90871C705FC500D214F1 /* Main.storyboard in Resources */,
				B89CFE1F1C8BF89200BDF3F2 /* nav_Bar.png in Resources */,
				B8E798521C85843000259465 /* profile.png in Resources */,
				B86BB0091C88095D001CB94A /* SaladTableViewCell.xib in Resources */,
			);
			runOnlyForDeploymentPostprocessing = 0;
		};
/* End PBXResourcesBuildPhase section */

/* Begin PBXSourcesBuildPhase section */
		B84A90751C705FC500D214F1 /* Sources */ = {
			isa = PBXSourcesBuildPhase;
			buildActionMask = 2147483647;
			files = (
				B86BB0021C88095D001CB94A /* FM_Color.m in Sources */,
				B86BAFFC1C88095D001CB94A /* ViewController.m in Sources */,
				B86BB0061C88095D001CB94A /* FM_SaladStack.m in Sources */,
				B86BB00E1C881672001CB94A /* FM_PopUP.m in Sources */,
				B81ED0AF1C79A3D700A53A96 /* Comms.m in Sources */,
				B86BB0041C88095D001CB94A /* FM_Salad.m in Sources */,
				B84A907E1C705FC500D214F1 /* main.m in Sources */,
				B86BB0071C88095D001CB94A /* FM_SaladStackView.m in Sources */,
				B86BAFFA1C88095D001CB94A /* FM_BaseViewController.m in Sources */,
				B86BB0031C88095D001CB94A /* FM_Font.m in Sources */,
				B86BB0011C88095D001CB94A /* SignupViewController.m in Sources */,
				B86BB00A1C88095D001CB94A /* FM_ScrollView.m in Sources */,
				B89CFE241C8C047500BDF3F2 /* SideMenuViewController.m in Sources */,
				B86BAFFE1C88095D001CB94A /* ConfirmSalad.m in Sources */,
				B89CFE2A1C8C406000BDF3F2 /* OrderTableViewCell.m in Sources */,
				B89CFE271C8C08F200BDF3F2 /* SWRevealViewController.m in Sources */,
				B86BAFFB1C88095D001CB94A /* HomeViewController.m in Sources */,
				B86BAFF91C88095D001CB94A /* AppDelegate.m in Sources */,
				B86BB0001C88095D001CB94A /* OrderViewController.m in Sources */,
				B86BB0051C88095D001CB94A /* FM_SaladManager.m in Sources */,
				B86BAFFD1C88095D001CB94A /* MakeMySaladViewController.m in Sources */,
				B86BB0081C88095D001CB94A /* SaladTableViewCell.m in Sources */,
			);
			runOnlyForDeploymentPostprocessing = 0;
		};
/* End PBXSourcesBuildPhase section */

/* Begin PBXVariantGroup section */
		B82C7BC81C941F36004F79BE /* MainStoryboard.storyboard */ = {
			isa = PBXVariantGroup;
			children = (
				B82C7BC91C941F36004F79BE /* Base */,
			);
			name = MainStoryboard.storyboard;
			sourceTree = "<group>";
		};
		B84A90851C705FC500D214F1 /* Main.storyboard */ = {
			isa = PBXVariantGroup;
			children = (
				B84A90861C705FC500D214F1 /* Base */,
			);
			name = Main.storyboard;
			sourceTree = "<group>";
		};
		B84A908A1C705FC500D214F1 /* LaunchScreen.storyboard */ = {
			isa = PBXVariantGroup;
			children = (
				B84A908B1C705FC500D214F1 /* Base */,
			);
			name = LaunchScreen.storyboard;
			sourceTree = "<group>";
		};
/* End PBXVariantGroup section */

/* Begin XCBuildConfiguration section */
		B84A908E1C705FC500D214F1 /* Debug */ = {
			isa = XCBuildConfiguration;
			buildSettings = {
				ALWAYS_SEARCH_USER_PATHS = NO;
				CLANG_CXX_LANGUAGE_STANDARD = "gnu++0x";
				CLANG_CXX_LIBRARY = "libc++";
				CLANG_ENABLE_MODULES = YES;
				CLANG_ENABLE_OBJC_ARC = YES;
				CLANG_WARN_BOOL_CONVERSION = YES;
				CLANG_WARN_CONSTANT_CONVERSION = YES;
				CLANG_WARN_DIRECT_OBJC_ISA_USAGE = YES_ERROR;
				CLANG_WARN_EMPTY_BODY = YES;
				CLANG_WARN_ENUM_CONVERSION = YES;
				CLANG_WARN_INT_CONVERSION = YES;
				CLANG_WARN_OBJC_ROOT_CLASS = YES_ERROR;
				CLANG_WARN_UNREACHABLE_CODE = YES;
				CLANG_WARN__DUPLICATE_METHOD_MATCH = YES;
				"CODE_SIGN_IDENTITY[sdk=iphoneos*]" = "iPhone Developer";
				COPY_PHASE_STRIP = NO;
				DEBUG_INFORMATION_FORMAT = dwarf;
				ENABLE_STRICT_OBJC_MSGSEND = YES;
				ENABLE_TESTABILITY = YES;
				GCC_C_LANGUAGE_STANDARD = gnu99;
				GCC_DYNAMIC_NO_PIC = NO;
				GCC_NO_COMMON_BLOCKS = YES;
				GCC_OPTIMIZATION_LEVEL = 0;
				GCC_PREPROCESSOR_DEFINITIONS = (
					"DEBUG=1",
					"$(inherited)",
				);
				GCC_WARN_64_TO_32_BIT_CONVERSION = YES;
				GCC_WARN_ABOUT_RETURN_TYPE = YES_ERROR;
				GCC_WARN_UNDECLARED_SELECTOR = YES;
				GCC_WARN_UNINITIALIZED_AUTOS = YES_AGGRESSIVE;
				GCC_WARN_UNUSED_FUNCTION = YES;
				GCC_WARN_UNUSED_VARIABLE = YES;
				IPHONEOS_DEPLOYMENT_TARGET = 9.2;
				MTL_ENABLE_DEBUG_INFO = YES;
				ONLY_ACTIVE_ARCH = YES;
				SDKROOT = iphoneos;
			};
			name = Debug;
		};
		B84A908F1C705FC500D214F1 /* Release */ = {
			isa = XCBuildConfiguration;
			buildSettings = {
				ALWAYS_SEARCH_USER_PATHS = NO;
				CLANG_CXX_LANGUAGE_STANDARD = "gnu++0x";
				CLANG_CXX_LIBRARY = "libc++";
				CLANG_ENABLE_MODULES = YES;
				CLANG_ENABLE_OBJC_ARC = YES;
				CLANG_WARN_BOOL_CONVERSION = YES;
				CLANG_WARN_CONSTANT_CONVERSION = YES;
				CLANG_WARN_DIRECT_OBJC_ISA_USAGE = YES_ERROR;
				CLANG_WARN_EMPTY_BODY = YES;
				CLANG_WARN_ENUM_CONVERSION = YES;
				CLANG_WARN_INT_CONVERSION = YES;
				CLANG_WARN_OBJC_ROOT_CLASS = YES_ERROR;
				CLANG_WARN_UNREACHABLE_CODE = YES;
				CLANG_WARN__DUPLICATE_METHOD_MATCH = YES;
				"CODE_SIGN_IDENTITY[sdk=iphoneos*]" = "iPhone Developer";
				COPY_PHASE_STRIP = NO;
				DEBUG_INFORMATION_FORMAT = "dwarf-with-dsym";
				ENABLE_NS_ASSERTIONS = NO;
				ENABLE_STRICT_OBJC_MSGSEND = YES;
				GCC_C_LANGUAGE_STANDARD = gnu99;
				GCC_NO_COMMON_BLOCKS = YES;
				GCC_WARN_64_TO_32_BIT_CONVERSION = YES;
				GCC_WARN_ABOUT_RETURN_TYPE = YES_ERROR;
				GCC_WARN_UNDECLARED_SELECTOR = YES;
				GCC_WARN_UNINITIALIZED_AUTOS = YES_AGGRESSIVE;
				GCC_WARN_UNUSED_FUNCTION = YES;
				GCC_WARN_UNUSED_VARIABLE = YES;
				IPHONEOS_DEPLOYMENT_TARGET = 9.2;
				MTL_ENABLE_DEBUG_INFO = NO;
				SDKROOT = iphoneos;
				VALIDATE_PRODUCT = YES;
			};
			name = Release;
		};
		B84A90911C705FC500D214F1 /* Debug */ = {
			isa = XCBuildConfiguration;
			buildSettings = {
				ASSETCATALOG_COMPILER_APPICON_NAME = AppIcon;
				CODE_SIGN_IDENTITY = "iPhone Developer";
				"CODE_SIGN_IDENTITY[sdk=iphoneos*]" = "iPhone Developer";
				FRAMEWORK_SEARCH_PATHS = (
					"$(inherited)",
					"$(PROJECT_DIR)/FoodMaz/Parse",
					Framework,
					"$(PROJECT_DIR)/FoodMaz/OtherFramework",
					"$(PROJECT_DIR)/FoodMaz/Parse",
					Framework,
					"$(PROJECT_DIR)/FoodMaz/Parse",
					Framework,
					"$(PROJECT_DIR)/FoodMaz/Parse",
					Framework,
					"$(PROJECT_DIR)/FoodMaz/Parse",
					Framework,
					"$(PROJECT_DIR)/FoodMaz/Parse",
					Framework,
					"$(PROJECT_DIR)/FoodMaz/Parse",
					Framework,
					"$(PROJECT_DIR)/FoodMaz/Parse",
					Framework,
					"$(PROJECT_DIR)/FoodMaz/Parse",
					Framework,
					"$(PROJECT_DIR)/FoodMaz/Parse",
					Framework,
					"$(PROJECT_DIR)/FoodMaz/Parse",
					Framework,
					"$(PROJECT_DIR)/FoodMaz/Parse",
					Framework,
					"$(PROJECT_DIR)/FoodMaz/Parse",
					Framework,
					"$(PROJECT_DIR)/FoodMaz/Parse",
					Framework,
					"$(PROJECT_DIR)/FoodMaz/Parse",
					Framework,
					"$(PROJECT_DIR)/FoodMaz/Parse",
					Framework,
					"$(PROJECT_DIR)/FoodMaz/Parse",
					Framework,
					"$(PROJECT_DIR)/FoodMaz/Parse",
					Framework,
					"$(PROJECT_DIR)/FoodMaz/Parse",
					Framework,
					"$(PROJECT_DIR)/FoodMaz/Parse",
					Framework,
					"$(PROJECT_DIR)/FoodMaz/Parse",
					Framework,
					"$(PROJECT_DIR)/FoodMaz/Parse",
					Framework,
					"$(PROJECT_DIR)/FoodMaz/Parse",
					Framework,
					"$(PROJECT_DIR)/FoodMaz/Parse",
					Framework,
					"$(PROJECT_DIR)/FoodMaz/Parse",
					Framework,
					"$(PROJECT_DIR)/FoodMaz/Parse",
					Framework,
					"$(PROJECT_DIR)/FoodMaz/Parse",
					Framework,
				);
				GCC_PRECOMPILE_PREFIX_HEADER = YES;
				GCC_PREFIX_HEADER = "FoodMaz/FoodMaz-Prefix.pch";
				INFOPLIST_FILE = FoodMaz/Info.plist;
				IPHONEOS_DEPLOYMENT_TARGET = 9.0;
				LD_RUNPATH_SEARCH_PATHS = "$(inherited) @executable_path/Frameworks";
				PRODUCT_BUNDLE_IDENTIFIER = com.foodmaz.pushnotification;
				PRODUCT_NAME = "$(TARGET_NAME)";
				PROVISIONING_PROFILE = "";
				TARGETED_DEVICE_FAMILY = "1,2";
			};
			name = Debug;
		};
		B84A90921C705FC500D214F1 /* Release */ = {
			isa = XCBuildConfiguration;
			buildSettings = {
				ASSETCATALOG_COMPILER_APPICON_NAME = AppIcon;
				CODE_SIGN_IDENTITY = "iPhone Developer";
				"CODE_SIGN_IDENTITY[sdk=iphoneos*]" = "iPhone Developer";
				FRAMEWORK_SEARCH_PATHS = (
					"$(inherited)",
					"$(PROJECT_DIR)/FoodMaz/Parse",
					Framework,
					"$(PROJECT_DIR)/FoodMaz/OtherFramework",
					"$(PROJECT_DIR)/FoodMaz/Parse",
					Framework,
					"$(PROJECT_DIR)/FoodMaz/Parse",
					Framework,
					"$(PROJECT_DIR)/FoodMaz/Parse",
					Framework,
					"$(PROJECT_DIR)/FoodMaz/Parse",
					Framework,
					"$(PROJECT_DIR)/FoodMaz/Parse",
					Framework,
					"$(PROJECT_DIR)/FoodMaz/Parse",
					Framework,
					"$(PROJECT_DIR)/FoodMaz/Parse",
					Framework,
					"$(PROJECT_DIR)/FoodMaz/Parse",
					Framework,
					"$(PROJECT_DIR)/FoodMaz/Parse",
					Framework,
					"$(PROJECT_DIR)/FoodMaz/Parse",
					Framework,
					"$(PROJECT_DIR)/FoodMaz/Parse",
					Framework,
					"$(PROJECT_DIR)/FoodMaz/Parse",
					Framework,
					"$(PROJECT_DIR)/FoodMaz/Parse",
					Framework,
					"$(PROJECT_DIR)/FoodMaz/Parse",
					Framework,
					"$(PROJECT_DIR)/FoodMaz/Parse",
					Framework,
					"$(PROJECT_DIR)/FoodMaz/Parse",
					Framework,
					"$(PROJECT_DIR)/FoodMaz/Parse",
					Framework,
					"$(PROJECT_DIR)/FoodMaz/Parse",
					Framework,
					"$(PROJECT_DIR)/FoodMaz/Parse",
					Framework,
					"$(PROJECT_DIR)/FoodMaz/Parse",
					Framework,
					"$(PROJECT_DIR)/FoodMaz/Parse",
					Framework,
					"$(PROJECT_DIR)/FoodMaz/Parse",
					Framework,
					"$(PROJECT_DIR)/FoodMaz/Parse",
					Framework,
					"$(PROJECT_DIR)/FoodMaz/Parse",
					Framework,
					"$(PROJECT_DIR)/FoodMaz/Parse",
					Framework,
					"$(PROJECT_DIR)/FoodMaz/Parse",
					Framework,
				);
				GCC_PRECOMPILE_PREFIX_HEADER = YES;
				GCC_PREFIX_HEADER = "FoodMaz/FoodMaz-Prefix.pch";
				INFOPLIST_FILE = FoodMaz/Info.plist;
				IPHONEOS_DEPLOYMENT_TARGET = 9.0;
				LD_RUNPATH_SEARCH_PATHS = "$(inherited) @executable_path/Frameworks";
				PRODUCT_BUNDLE_IDENTIFIER = com.foodmaz.pushnotification;
				PRODUCT_NAME = "$(TARGET_NAME)";
				PROVISIONING_PROFILE = "";
				TARGETED_DEVICE_FAMILY = "1,2";
			};
			name = Release;
		};
/* End XCBuildConfiguration section */

/* Begin XCConfigurationList section */
		B84A90741C705FC500D214F1 /* Build configuration list for PBXProject "FoodMaz" */ = {
			isa = XCConfigurationList;
			buildConfigurations = (
				B84A908E1C705FC500D214F1 /* Debug */,
				B84A908F1C705FC500D214F1 /* Release */,
			);
			defaultConfigurationIsVisible = 0;
			defaultConfigurationName = Release;
		};
		B84A90901C705FC500D214F1 /* Build configuration list for PBXNativeTarget "FoodMaz" */ = {
			isa = XCConfigurationList;
			buildConfigurations = (
				B84A90911C705FC500D214F1 /* Debug */,
				B84A90921C705FC500D214F1 /* Release */,
			);
			defaultConfigurationIsVisible = 0;
			defaultConfigurationName = Release;
		};
/* End XCConfigurationList section */
	};
	rootObject = B84A90711C705FC500D214F1 /* Project object */;
}
